// !$*UTF8*$!
{
	archiveVersion = 1;
	classes = {
	};
	objectVersion = 55;
	objects = {

/* Begin PBXBuildFile section */
		286750BC2822386300D6B943 /* AppDelegate.swift in Sources */ = {isa = PBXBuildFile; fileRef = 286750BB2822386300D6B943 /* AppDelegate.swift */; };
		286750C62822386300D6B943 /* CoreDataExample.xcdatamodeld in Sources */ = {isa = PBXBuildFile; fileRef = 286750C42822386300D6B943 /* CoreDataExample.xcdatamodeld */; };
		286750C82822386600D6B943 /* Assets.xcassets in Resources */ = {isa = PBXBuildFile; fileRef = 286750C72822386600D6B943 /* Assets.xcassets */; };
		286750CB2822386600D6B943 /* LaunchScreen.storyboard in Resources */ = {isa = PBXBuildFile; fileRef = 286750C92822386600D6B943 /* LaunchScreen.storyboard */; };
		286750DE28223B1900D6B943 /* ListView.swift in Sources */ = {isa = PBXBuildFile; fileRef = 286750DD28223B1900D6B943 /* ListView.swift */; };
		286750E028223B2900D6B943 /* ListViewController.swift in Sources */ = {isa = PBXBuildFile; fileRef = 286750DF28223B2900D6B943 /* ListViewController.swift */; };
		286750E228223B3E00D6B943 /* ListModel.swift in Sources */ = {isa = PBXBuildFile; fileRef = 286750E128223B3E00D6B943 /* ListModel.swift */; };
/* End PBXBuildFile section */

/* Begin PBXFileReference section */
		286750B82822386300D6B943 /* CoreDataExample.app */ = {isa = PBXFileReference; explicitFileType = wrapper.application; includeInIndex = 0; path = CoreDataExample.app; sourceTree = BUILT_PRODUCTS_DIR; };
		286750BB2822386300D6B943 /* AppDelegate.swift */ = {isa = PBXFileReference; lastKnownFileType = sourcecode.swift; path = AppDelegate.swift; sourceTree = "<group>"; };
		286750C52822386300D6B943 /* CoreDataExample.xcdatamodel */ = {isa = PBXFileReference; lastKnownFileType = wrapper.xcdatamodel; path = CoreDataExample.xcdatamodel; sourceTree = "<group>"; };
		286750C72822386600D6B943 /* Assets.xcassets */ = {isa = PBXFileReference; lastKnownFileType = folder.assetcatalog; path = Assets.xcassets; sourceTree = "<group>"; };
		286750CA2822386600D6B943 /* Base */ = {isa = PBXFileReference; lastKnownFileType = file.storyboard; name = Base; path = Base.lproj/LaunchScreen.storyboard; sourceTree = "<group>"; };
		286750CC2822386600D6B943 /* Info.plist */ = {isa = PBXFileReference; lastKnownFileType = text.plist.xml; path = Info.plist; sourceTree = "<group>"; };
		286750DD28223B1900D6B943 /* ListView.swift */ = {isa = PBXFileReference; lastKnownFileType = sourcecode.swift; path = ListView.swift; sourceTree = "<group>"; };
		286750DF28223B2900D6B943 /* ListViewController.swift */ = {isa = PBXFileReference; lastKnownFileType = sourcecode.swift; path = ListViewController.swift; sourceTree = "<group>"; };
		286750E128223B3E00D6B943 /* ListModel.swift */ = {isa = PBXFileReference; lastKnownFileType = sourcecode.swift; path = ListModel.swift; sourceTree = "<group>"; };
/* End PBXFileReference section */

/* Begin PBXFrameworksBuildPhase section */
		286750B52822386300D6B943 /* Frameworks */ = {
			isa = PBXFrameworksBuildPhase;
			buildActionMask = 2147483647;
			files = (
			);
			runOnlyForDeploymentPostprocessing = 0;
		};
/* End PBXFrameworksBuildPhase section */

/* Begin PBXGroup section */
		286750AF2822386300D6B943 = {
			isa = PBXGroup;
			children = (
				286750BA2822386300D6B943 /* CoreDataExample */,
				286750B92822386300D6B943 /* Products */,
			);
			sourceTree = "<group>";
		};
		286750B92822386300D6B943 /* Products */ = {
			isa = PBXGroup;
			children = (
				286750B82822386300D6B943 /* CoreDataExample.app */,
			);
			name = Products;
			sourceTree = "<group>";
		};
		286750BA2822386300D6B943 /* CoreDataExample */ = {
			isa = PBXGroup;
			children = (
				286750D3282238AF00D6B943 /* Resources */,
				286750D2282238A000D6B943 /* Sources */,
			);
			path = CoreDataExample;
			sourceTree = "<group>";
		};
		286750D2282238A000D6B943 /* Sources */ = {
			isa = PBXGroup;
			children = (
				286750D62822390D00D6B943 /* App */,
				286750D72822396600D6B943 /* Scene */,
			);
			path = Sources;
			sourceTree = "<group>";
		};
		286750D3282238AF00D6B943 /* Resources */ = {
			isa = PBXGroup;
			children = (
				286750C72822386600D6B943 /* Assets.xcassets */,
				286750D4282238C100D6B943 /* Configs */,
				286750D5282238CB00D6B943 /* Srotyboards */,
			);
			path = Resources;
			sourceTree = "<group>";
		};
		286750D4282238C100D6B943 /* Configs */ = {
			isa = PBXGroup;
			children = (
				286750CC2822386600D6B943 /* Info.plist */,
				286750C42822386300D6B943 /* CoreDataExample.xcdatamodeld */,
			);
			path = Configs;
			sourceTree = "<group>";
		};
		286750D5282238CB00D6B943 /* Srotyboards */ = {
			isa = PBXGroup;
			children = (
				286750C92822386600D6B943 /* LaunchScreen.storyboard */,
			);
			path = Srotyboards;
			sourceTree = "<group>";
		};
		286750D62822390D00D6B943 /* App */ = {
			isa = PBXGroup;
			children = (
				286750BB2822386300D6B943 /* AppDelegate.swift */,
			);
			path = App;
			sourceTree = "<group>";
		};
		286750D72822396600D6B943 /* Scene */ = {
			isa = PBXGroup;
			children = (
				286750D928223A5200D6B943 /* List */,
				286750D82822396F00D6B943 /* View */,
			);
			path = Scene;
			sourceTree = "<group>";
		};
		286750D82822396F00D6B943 /* View */ = {
			isa = PBXGroup;
			children = (
			);
			path = View;
			sourceTree = "<group>";
		};
		286750D928223A5200D6B943 /* List */ = {
			isa = PBXGroup;
			children = (
				286750DB28223AD000D6B943 /* Models */,
				286750DC28223AD600D6B943 /* Presenter */,
				286750DA28223AC800D6B943 /* Views */,
			);
			path = List;
			sourceTree = "<group>";
		};
		286750DA28223AC800D6B943 /* Views */ = {
			isa = PBXGroup;
			children = (
				286750DD28223B1900D6B943 /* ListView.swift */,
				286750DF28223B2900D6B943 /* ListViewController.swift */,
			);
			path = Views;
			sourceTree = "<group>";
		};
		286750DB28223AD000D6B943 /* Models */ = {
			isa = PBXGroup;
			children = (
				286750E128223B3E00D6B943 /* ListModel.swift */,
			);
			path = Models;
			sourceTree = "<group>";
		};
		286750DC28223AD600D6B943 /* Presenter */ = {
			isa = PBXGroup;
			children = (
			);
			path = Presenter;
			sourceTree = "<group>";
		};
/* End PBXGroup section */

/* Begin PBXNativeTarget section */
		286750B72822386300D6B943 /* CoreDataExample */ = {
			isa = PBXNativeTarget;
			buildConfigurationList = 286750CF2822386600D6B943 /* Build configuration list for PBXNativeTarget "CoreDataExample" */;
			buildPhases = (
				286750B42822386300D6B943 /* Sources */,
				286750B52822386300D6B943 /* Frameworks */,
				286750B62822386300D6B943 /* Resources */,
			);
			buildRules = (
			);
			dependencies = (
			);
			name = CoreDataExample;
			productName = CoreDataExample;
			productReference = 286750B82822386300D6B943 /* CoreDataExample.app */;
			productType = "com.apple.product-type.application";
		};
/* End PBXNativeTarget section */

/* Begin PBXProject section */
		286750B02822386300D6B943 /* Project object */ = {
			isa = PBXProject;
			attributes = {
				BuildIndependentTargetsInParallel = 1;
				LastSwiftUpdateCheck = 1330;
				LastUpgradeCheck = 1330;
				TargetAttributes = {
					286750B72822386300D6B943 = {
						CreatedOnToolsVersion = 13.3;
					};
				};
			};
			buildConfigurationList = 286750B32822386300D6B943 /* Build configuration list for PBXProject "CoreDataExample" */;
			compatibilityVersion = "Xcode 13.0";
			developmentRegion = en;
			hasScannedForEncodings = 0;
			knownRegions = (
				en,
				Base,
			);
			mainGroup = 286750AF2822386300D6B943;
			productRefGroup = 286750B92822386300D6B943 /* Products */;
			projectDirPath = "";
			projectRoot = "";
			targets = (
				286750B72822386300D6B943 /* CoreDataExample */,
			);
		};
/* End PBXProject section */

/* Begin PBXResourcesBuildPhase section */
		286750B62822386300D6B943 /* Resources */ = {
			isa = PBXResourcesBuildPhase;
			buildActionMask = 2147483647;
			files = (
				286750CB2822386600D6B943 /* LaunchScreen.storyboard in Resources */,
				286750C82822386600D6B943 /* Assets.xcassets in Resources */,
			);
			runOnlyForDeploymentPostprocessing = 0;
		};
/* End PBXResourcesBuildPhase section */

/* Begin PBXSourcesBuildPhase section */
		286750B42822386300D6B943 /* Sources */ = {
			isa = PBXSourcesBuildPhase;
			buildActionMask = 2147483647;
			files = (
				286750DE28223B1900D6B943 /* ListView.swift in Sources */,
				286750BC2822386300D6B943 /* AppDelegate.swift in Sources */,
				286750E228223B3E00D6B943 /* ListModel.swift in Sources */,
				286750E028223B2900D6B943 /* ListViewController.swift in Sources */,
				286750C62822386300D6B943 /* CoreDataExample.xcdatamodeld in Sources */,
			);
			runOnlyForDeploymentPostprocessing = 0;
		};
/* End PBXSourcesBuildPhase section */

/* Begin PBXVariantGroup section */
		286750C92822386600D6B943 /* LaunchScreen.storyboard */ = {
			isa = PBXVariantGroup;
			children = (
				286750CA2822386600D6B943 /* Base */,
			);
			name = LaunchScreen.storyboard;
			sourceTree = "<group>";
		};
/* End PBXVariantGroup section */

/* Begin XCBuildConfiguration section */
		286750CD2822386600D6B943 /* Debug */ = {
			isa = XCBuildConfiguration;
			buildSettings = {
				ALWAYS_SEARCH_USER_PATHS = NO;
				CLANG_ANALYZER_NONNULL = YES;
				CLANG_ANALYZER_NUMBER_OBJECT_CONVERSION = YES_AGGRESSIVE;
				CLANG_CXX_LANGUAGE_STANDARD = "gnu++17";
				CLANG_ENABLE_MODULES = YES;
				CLANG_ENABLE_OBJC_ARC = YES;
				CLANG_ENABLE_OBJC_WEAK = YES;
				CLANG_WARN_BLOCK_CAPTURE_AUTORELEASING = YES;
				CLANG_WARN_BOOL_CONVERSION = YES;
				CLANG_WARN_COMMA = YES;
				CLANG_WARN_CONSTANT_CONVERSION = YES;
				CLANG_WARN_DEPRECATED_OBJC_IMPLEMENTATIONS = YES;
				CLANG_WARN_DIRECT_OBJC_ISA_USAGE = YES_ERROR;
				CLANG_WARN_DOCUMENTATION_COMMENTS = YES;
				CLANG_WARN_EMPTY_BODY = YES;
				CLANG_WARN_ENUM_CONVERSION = YES;
				CLANG_WARN_INFINITE_RECURSION = YES;
				CLANG_WARN_INT_CONVERSION = YES;
				CLANG_WARN_NON_LITERAL_NULL_CONVERSION = YES;
				CLANG_WARN_OBJC_IMPLICIT_RETAIN_SELF = YES;
				CLANG_WARN_OBJC_LITERAL_CONVERSION = YES;
				CLANG_WARN_OBJC_ROOT_CLASS = YES_ERROR;
				CLANG_WARN_QUOTED_INCLUDE_IN_FRAMEWORK_HEADER = YES;
				CLANG_WARN_RANGE_LOOP_ANALYSIS = YES;
				CLANG_WARN_STRICT_PROTOTYPES = YES;
				CLANG_WARN_SUSPICIOUS_MOVE = YES;
				CLANG_WARN_UNGUARDED_AVAILABILITY = YES_AGGRESSIVE;
				CLANG_WARN_UNREACHABLE_CODE = YES;
				CLANG_WARN__DUPLICATE_METHOD_MATCH = YES;
				COPY_PHASE_STRIP = NO;
				DEBUG_INFORMATION_FORMAT = dwarf;
				ENABLE_STRICT_OBJC_MSGSEND = YES;
				ENABLE_TESTABILITY = YES;
				GCC_C_LANGUAGE_STANDARD = gnu11;
				GCC_DYNAMIC_NO_PIC = NO;
				GCC_NO_COMMON_BLOCKS = YES;
				GCC_OPTIMIZATION_LEVEL = 0;
				GCC_PREPROCESSOR_DEFINITIONS = (
					"DEBUG=1",
					"$(inherited)",
				);
				GCC_WARN_64_TO_32_BIT_CONVERSION = YES;
				GCC_WARN_ABOUT_RETURN_TYPE = YES_ERROR;
				GCC_WARN_UNDECLARED_SELECTOR = YES;
				GCC_WARN_UNINITIALIZED_AUTOS = YES_AGGRESSIVE;
				GCC_WARN_UNUSED_FUNCTION = YES;
				GCC_WARN_UNUSED_VARIABLE = YES;
				IPHONEOS_DEPLOYMENT_TARGET = 15.4;
				MTL_ENABLE_DEBUG_INFO = INCLUDE_SOURCE;
				MTL_FAST_MATH = YES;
				ONLY_ACTIVE_ARCH = YES;
				SDKROOT = iphoneos;
				SWIFT_ACTIVE_COMPILATION_CONDITIONS = DEBUG;
				SWIFT_OPTIMIZATION_LEVEL = "-Onone";
			};
			name = Debug;
		};
		286750CE2822386600D6B943 /* Release */ = {
			isa = XCBuildConfiguration;
			buildSettings = {
				ALWAYS_SEARCH_USER_PATHS = NO;
				CLANG_ANALYZER_NONNULL = YES;
				CLANG_ANALYZER_NUMBER_OBJECT_CONVERSION = YES_AGGRESSIVE;
				CLANG_CXX_LANGUAGE_STANDARD = "gnu++17";
				CLANG_ENABLE_MODULES = YES;
				CLANG_ENABLE_OBJC_ARC = YES;
				CLANG_ENABLE_OBJC_WEAK = YES;
				CLANG_WARN_BLOCK_CAPTURE_AUTORELEASING = YES;
				CLANG_WARN_BOOL_CONVERSION = YES;
				CLANG_WARN_COMMA = YES;
				CLANG_WARN_CONSTANT_CONVERSION = YES;
				CLANG_WARN_DEPRECATED_OBJC_IMPLEMENTATIONS = YES;
				CLANG_WARN_DIRECT_OBJC_ISA_USAGE = YES_ERROR;
				CLANG_WARN_DOCUMENTATION_COMMENTS = YES;
				CLANG_WARN_EMPTY_BODY = YES;
				CLANG_WARN_ENUM_CONVERSION = YES;
				CLANG_WARN_INFINITE_RECURSION = YES;
				CLANG_WARN_INT_CONVERSION = YES;
				CLANG_WARN_NON_LITERAL_NULL_CONVERSION = YES;
				CLANG_WARN_OBJC_IMPLICIT_RETAIN_SELF = YES;
				CLANG_WARN_OBJC_LITERAL_CONVERSION = YES;
				CLANG_WARN_OBJC_ROOT_CLASS = YES_ERROR;
				CLANG_WARN_QUOTED_INCLUDE_IN_FRAMEWORK_HEADER = YES;
				CLANG_WARN_RANGE_LOOP_ANALYSIS = YES;
				CLANG_WARN_STRICT_PROTOTYPES = YES;
				CLANG_WARN_SUSPICIOUS_MOVE = YES;
				CLANG_WARN_UNGUARDED_AVAILABILITY = YES_AGGRESSIVE;
				CLANG_WARN_UNREACHABLE_CODE = YES;
				CLANG_WARN__DUPLICATE_METHOD_MATCH = YES;
				COPY_PHASE_STRIP = NO;
				DEBUG_INFORMATION_FORMAT = "dwarf-with-dsym";
				ENABLE_NS_ASSERTIONS = NO;
				ENABLE_STRICT_OBJC_MSGSEND = YES;
				GCC_C_LANGUAGE_STANDARD = gnu11;
				GCC_NO_COMMON_BLOCKS = YES;
				GCC_WARN_64_TO_32_BIT_CONVERSION = YES;
				GCC_WARN_ABOUT_RETURN_TYPE = YES_ERROR;
				GCC_WARN_UNDECLARED_SELECTOR = YES;
				GCC_WARN_UNINITIALIZED_AUTOS = YES_AGGRESSIVE;
				GCC_WARN_UNUSED_FUNCTION = YES;
				GCC_WARN_UNUSED_VARIABLE = YES;
				IPHONEOS_DEPLOYMENT_TARGET = 15.4;
				MTL_ENABLE_DEBUG_INFO = NO;
				MTL_FAST_MATH = YES;
				SDKROOT = iphoneos;
				SWIFT_COMPILATION_MODE = wholemodule;
				SWIFT_OPTIMIZATION_LEVEL = "-O";
				VALIDATE_PRODUCT = YES;
			};
			name = Release;
		};
		286750D02822386600D6B943 /* Debug */ = {
			isa = XCBuildConfiguration;
			buildSettings = {
				ASSETCATALOG_COMPILER_APPICON_NAME = AppIcon;
				ASSETCATALOG_COMPILER_GLOBAL_ACCENT_COLOR_NAME = AccentColor;
				CODE_SIGN_STYLE = Automatic;
				CURRENT_PROJECT_VERSION = 1;
				DEVELOPMENT_TEAM = MBBY7TC84B;
				GENERATE_INFOPLIST_FILE = YES;
				INFOPLIST_FILE = CoreDataExample/Resources/Configs/Info.plist;
				INFOPLIST_KEY_UIApplicationSupportsIndirectInputEvents = YES;
				INFOPLIST_KEY_UILaunchStoryboardName = LaunchScreen;
				INFOPLIST_KEY_UIMainStoryboardFile = LaunchScreen;
				INFOPLIST_KEY_UISupportedInterfaceOrientations_iPad = "UIInterfaceOrientationPortrait UIInterfaceOrientationPortraitUpsideDown UIInterfaceOrientationLandscapeLeft UIInterfaceOrientationLandscapeRight";
				INFOPLIST_KEY_UISupportedInterfaceOrientations_iPhone = "UIInterfaceOrientationPortrait UIInterfaceOrientationLandscapeLeft UIInterfaceOrientationLandscapeRight";
				LD_RUNPATH_SEARCH_PATHS = (
					"$(inherited)",
					"@executable_path/Frameworks",
				);
				MARKETING_VERSION = 1.0;
				PRODUCT_BUNDLE_IDENTIFIER = com.aniya.CoreDataExample;
				PRODUCT_NAME = "$(TARGET_NAME)";
				SWIFT_EMIT_LOC_STRINGS = YES;
				SWIFT_VERSION = 5.0;
				TARGETED_DEVICE_FAMILY = "1,2";
			};
			name = Debug;
		};
		286750D12822386600D6B943 /* Release */ = {
			isa = XCBuildConfiguration;
			buildSettings = {
				ASSETCATALOG_COMPILER_APPICON_NAME = AppIcon;
				ASSETCATALOG_COMPILER_GLOBAL_ACCENT_COLOR_NAME = AccentColor;
				CODE_SIGN_STYLE = Automatic;
				CURRENT_PROJECT_VERSION = 1;
				DEVELOPMENT_TEAM = MBBY7TC84B;
				GENERATE_INFOPLIST_FILE = YES;
				INFOPLIST_FILE = CoreDataExample/Resources/Configs/Info.plist;
				INFOPLIST_KEY_UIApplicationSupportsIndirectInputEvents = YES;
				INFOPLIST_KEY_UILaunchStoryboardName = LaunchScreen;
				INFOPLIST_KEY_UIMainStoryboardFile = LaunchScreen;
				INFOPLIST_KEY_UISupportedInterfaceOrientations_iPad = "UIInterfaceOrientationPortrait UIInterfaceOrientationPortraitUpsideDown UIInterfaceOrientationLandscapeLeft UIInterfaceOrientationLandscapeRight";
				INFOPLIST_KEY_UISupportedInterfaceOrientations_iPhone = "UIInterfaceOrientationPortrait UIInterfaceOrientationLandscapeLeft UIInterfaceOrientationLandscapeRight";
				LD_RUNPATH_SEARCH_PATHS = (
					"$(inherited)",
					"@executable_path/Frameworks",
				);
				MARKETING_VERSION = 1.0;
				PRODUCT_BUNDLE_IDENTIFIER = com.aniya.CoreDataExample;
				PRODUCT_NAME = "$(TARGET_NAME)";
				SWIFT_EMIT_LOC_STRINGS = YES;
				SWIFT_VERSION = 5.0;
				TARGETED_DEVICE_FAMILY = "1,2";
			};
			name = Release;
		};
/* End XCBuildConfiguration section */

/* Begin XCConfigurationList section */
		286750B32822386300D6B943 /* Build configuration list for PBXProject "CoreDataExample" */ = {
			isa = XCConfigurationList;
			buildConfigurations = (
				286750CD2822386600D6B943 /* Debug */,
				286750CE2822386600D6B943 /* Release */,
			);
			defaultConfigurationIsVisible = 0;
			defaultConfigurationName = Release;
		};
		286750CF2822386600D6B943 /* Build configuration list for PBXNativeTarget "CoreDataExample" */ = {
			isa = XCConfigurationList;
			buildConfigurations = (
				286750D02822386600D6B943 /* Debug */,
				286750D12822386600D6B943 /* Release */,
			);
			defaultConfigurationIsVisible = 0;
			defaultConfigurationName = Release;
		};
/* End XCConfigurationList section */

/* Begin XCVersionGroup section */
		286750C42822386300D6B943 /* CoreDataExample.xcdatamodeld */ = {
			isa = XCVersionGroup;
			children = (
				286750C52822386300D6B943 /* CoreDataExample.xcdatamodel */,
			);
			currentVersion = 286750C52822386300D6B943 /* CoreDataExample.xcdatamodel */;
			path = CoreDataExample.xcdatamodeld;
			sourceTree = "<group>";
			versionGroupType = wrapper.xcdatamodel;
		};
/* End XCVersionGroup section */
	};
	rootObject = 286750B02822386300D6B943 /* Project object */;
}
